
Microsoft Visual Studio Solution File, Format Version 12.00
# Visual Studio Version 16
VisualStudioVersion = 16.0.30517.126
MinimumVisualStudioVersion = 10.0.40219.1
Project("{FAE04EC0-301F-11D3-BF4B-00C04F79EFBC}") = "101ConnectingDbUsingEF", "101ConnectingDbUsingEF\101ConnectingDbUsingEF.csproj", "{5CA79660-A583-4049-A5C3-6FE5CD1AC91B}"
EndProject
Global
	GlobalSection(SolutionConfigurationPlatforms) = preSolution
		Debug|Any CPU = Debug|Any CPU
		Release|Any CPU = Release|Any CPU
	EndGlobalSection
	GlobalSection(ProjectConfigurationPlatforms) = postSolution
		{5CA79660-A583-4049-A5C3-6FE5CD1AC91B}.Debug|Any CPU.ActiveCfg = Debug|Any CPU
		{5CA79660-A583-4049-A5C3-6FE5CD1AC91B}.Debug|Any CPU.Build.0 = Debug|Any CPU
		{5CA79660-A583-4049-A5C3-6FE5CD1AC91B}.Release|Any CPU.ActiveCfg = Release|Any CPU
		{5CA79660-A583-4049-A5C3-6FE5CD1AC91B}.Release|Any CPU.Build.0 = Release|Any CPU
	EndGlobalSection
	GlobalSection(SolutionProperties) = preSolution
		HideSolutionNode = FALSE
	EndGlobalSection
	GlobalSection(ExtensibilityGlobals) = postSolution
		SolutionGuid = {FC605083-B866-40EB-A0AA-F9D681C5415D}
	EndGlobalSection
EndGlobal
